
Microsoft Visual Studio Solution File, Format Version 12.00
# Visual Studio Version 17
VisualStudioVersion = 17.12.35506.116 d17.12
MinimumVisualStudioVersion = 10.0.40219.1
Project("{FAE04EC0-301F-11D3-BF4B-00C04F79EFBC}") = "YoutubePractise", "YoutubePractise\YoutubePractise.csproj", "{73263BF2-0E3D-4DEC-A0E0-CAE091EC91D6}"
EndProject
Global
	GlobalSection(SolutionConfigurationPlatforms) = preSolution
		Debug|Any CPU = Debug|Any CPU
		Release|Any CPU = Release|Any CPU
	EndGlobalSection
	GlobalSection(ProjectConfigurationPlatforms) = postSolution
		{73263BF2-0E3D-4DEC-A0E0-CAE091EC91D6}.Debug|Any CPU.ActiveCfg = Debug|Any CPU
		{73263BF2-0E3D-4DEC-A0E0-CAE091EC91D6}.Debug|Any CPU.Build.0 = Debug|Any CPU
		{73263BF2-0E3D-4DEC-A0E0-CAE091EC91D6}.Release|Any CPU.ActiveCfg = Release|Any CPU
		{73263BF2-0E3D-4DEC-A0E0-CAE091EC91D6}.Release|Any CPU.Build.0 = Release|Any CPU
	EndGlobalSection
	GlobalSection(SolutionProperties) = preSolution
		HideSolutionNode = FALSE
	EndGlobalSection
EndGlobal
